
Microsoft Visual Studio Solution File, Format Version 12.00
# Visual Studio 15
VisualStudioVersion = 15.0.28307.779
MinimumVisualStudioVersion = 10.0.40219.1
Project("{FAE04EC0-301F-11D3-BF4B-00C04F79EFBC}") = "InfoApplication", "InfoApplication\InfoApplication.csproj", "{0EA61BD6-3295-4295-BB5D-AD5E8CDF2F88}"
EndProject
Global
	GlobalSection(SolutionConfigurationPlatforms) = preSolution
		Debug|Any CPU = Debug|Any CPU
		Release|Any CPU = Release|Any CPU
	EndGlobalSection
	GlobalSection(ProjectConfigurationPlatforms) = postSolution
		{0EA61BD6-3295-4295-BB5D-AD5E8CDF2F88}.Debug|Any CPU.ActiveCfg = Debug|Any CPU
		{0EA61BD6-3295-4295-BB5D-AD5E8CDF2F88}.Debug|Any CPU.Build.0 = Debug|Any CPU
		{0EA61BD6-3295-4295-BB5D-AD5E8CDF2F88}.Release|Any CPU.ActiveCfg = Release|Any CPU
		{0EA61BD6-3295-4295-BB5D-AD5E8CDF2F88}.Release|Any CPU.Build.0 = Release|Any CPU
	EndGlobalSection
	GlobalSection(SolutionProperties) = preSolution
		HideSolutionNode = FALSE
	EndGlobalSection
	GlobalSection(ExtensibilityGlobals) = postSolution
		SolutionGuid = {09471CC4-C631-4C34-AE3F-8F39F8E4F90A}
	EndGlobalSection
EndGlobal
